// !$*UTF8*$!
{
	archiveVersion = 1;
	classes = {
	};
	objectVersion = 55;
	objects = {

/* Begin PBXBuildFile section */
		A16327D827E01EC20085CA16 /* AppDelegate.swift in Sources */ = {isa = PBXBuildFile; fileRef = A16327D727E01EC20085CA16 /* AppDelegate.swift */; };
		A16327DF27E01EC20085CA16 /* Main.storyboard in Resources */ = {isa = PBXBuildFile; fileRef = A16327DD27E01EC20085CA16 /* Main.storyboard */; };
		A16327E127E01EC60085CA16 /* Assets.xcassets in Resources */ = {isa = PBXBuildFile; fileRef = A16327E027E01EC60085CA16 /* Assets.xcassets */; };
		A16327E427E01EC60085CA16 /* LaunchScreen.storyboard in Resources */ = {isa = PBXBuildFile; fileRef = A16327E227E01EC60085CA16 /* LaunchScreen.storyboard */; };
		A16327ED27E01F360085CA16 /* Alamofire in Frameworks */ = {isa = PBXBuildFile; productRef = A16327EC27E01F360085CA16 /* Alamofire */; };
		A16327F227E01F9B0085CA16 /* SearchViewController.swift in Sources */ = {isa = PBXBuildFile; fileRef = A16327F127E01F9B0085CA16 /* SearchViewController.swift */; };
		A16327F627E01FD70085CA16 /* UIStoryboard+extension.swift in Sources */ = {isa = PBXBuildFile; fileRef = A16327F527E01FD70085CA16 /* UIStoryboard+extension.swift */; };
		A16327FC27E021BF0085CA16 /* SearchViewModel.swift in Sources */ = {isa = PBXBuildFile; fileRef = A16327FB27E021BF0085CA16 /* SearchViewModel.swift */; };
		A16327FE27E024850085CA16 /* AError.swift in Sources */ = {isa = PBXBuildFile; fileRef = A16327FD27E024850085CA16 /* AError.swift */; };
		A163280327E0257E0085CA16 /* iTunesItem.swift in Sources */ = {isa = PBXBuildFile; fileRef = A163280227E0257E0085CA16 /* iTunesItem.swift */; };
		A163280727E02E610085CA16 /* iTunesItemCell.swift in Sources */ = {isa = PBXBuildFile; fileRef = A163280527E02E610085CA16 /* iTunesItemCell.swift */; };
		A163280827E02E610085CA16 /* iTunesItemCell.xib in Resources */ = {isa = PBXBuildFile; fileRef = A163280627E02E610085CA16 /* iTunesItemCell.xib */; };
		A163280B27E036850085CA16 /* CodableDefault.swift in Sources */ = {isa = PBXBuildFile; fileRef = A163280A27E036850085CA16 /* CodableDefault.swift */; };
		A163280E27E039530085CA16 /* Kingfisher in Frameworks */ = {isa = PBXBuildFile; productRef = A163280D27E039530085CA16 /* Kingfisher */; };
		A163281027E03B8F0085CA16 /* UIFont+extesntion.swift in Sources */ = {isa = PBXBuildFile; fileRef = A163280F27E03B8E0085CA16 /* UIFont+extesntion.swift */; };
		A163281227E03C470085CA16 /* PlaybackView.swift in Sources */ = {isa = PBXBuildFile; fileRef = A163281127E03C460085CA16 /* PlaybackView.swift */; };
		A163281427E03C4F0085CA16 /* PlaybackView.xib in Resources */ = {isa = PBXBuildFile; fileRef = A163281327E03C4F0085CA16 /* PlaybackView.xib */; };
		A163281627E045A40085CA16 /* PlayerManger.swift in Sources */ = {isa = PBXBuildFile; fileRef = A163281527E045A40085CA16 /* PlayerManger.swift */; };
		A163281827E054BC0085CA16 /* UIView+style.swift in Sources */ = {isa = PBXBuildFile; fileRef = A163281727E054BC0085CA16 /* UIView+style.swift */; };
		A163281D27E057220085CA16 /* MarqueeLabel.swift in Sources */ = {isa = PBXBuildFile; fileRef = A163281C27E057220085CA16 /* MarqueeLabel.swift */; };
		A163281F27E05FC60085CA16 /* Then.swift in Sources */ = {isa = PBXBuildFile; fileRef = A163281E27E05FC60085CA16 /* Then.swift */; };
/* End PBXBuildFile section */

/* Begin PBXFileReference section */
		A16327D427E01EC20085CA16 /* iTunesMusicMain.app */ = {isa = PBXFileReference; explicitFileType = wrapper.application; includeInIndex = 0; path = iTunesMusicMain.app; sourceTree = BUILT_PRODUCTS_DIR; };
		A16327D727E01EC20085CA16 /* AppDelegate.swift */ = {isa = PBXFileReference; lastKnownFileType = sourcecode.swift; path = AppDelegate.swift; sourceTree = "<group>"; };
		A16327DE27E01EC20085CA16 /* Base */ = {isa = PBXFileReference; lastKnownFileType = file.storyboard; name = Base; path = Base.lproj/Main.storyboard; sourceTree = "<group>"; };
		A16327E027E01EC60085CA16 /* Assets.xcassets */ = {isa = PBXFileReference; lastKnownFileType = folder.assetcatalog; path = Assets.xcassets; sourceTree = "<group>"; };
		A16327E327E01EC60085CA16 /* Base */ = {isa = PBXFileReference; lastKnownFileType = file.storyboard; name = Base; path = Base.lproj/LaunchScreen.storyboard; sourceTree = "<group>"; };
		A16327E527E01EC60085CA16 /* Info.plist */ = {isa = PBXFileReference; lastKnownFileType = text.plist.xml; path = Info.plist; sourceTree = "<group>"; };
		A16327F127E01F9B0085CA16 /* SearchViewController.swift */ = {isa = PBXFileReference; lastKnownFileType = sourcecode.swift; path = SearchViewController.swift; sourceTree = "<group>"; };
		A16327F527E01FD70085CA16 /* UIStoryboard+extension.swift */ = {isa = PBXFileReference; lastKnownFileType = sourcecode.swift; path = "UIStoryboard+extension.swift"; sourceTree = "<group>"; };
		A16327FB27E021BF0085CA16 /* SearchViewModel.swift */ = {isa = PBXFileReference; lastKnownFileType = sourcecode.swift; path = SearchViewModel.swift; sourceTree = "<group>"; };
		A16327FD27E024850085CA16 /* AError.swift */ = {isa = PBXFileReference; lastKnownFileType = sourcecode.swift; path = AError.swift; sourceTree = "<group>"; };
		A163280227E0257E0085CA16 /* iTunesItem.swift */ = {isa = PBXFileReference; lastKnownFileType = sourcecode.swift; path = iTunesItem.swift; sourceTree = "<group>"; };
		A163280527E02E610085CA16 /* iTunesItemCell.swift */ = {isa = PBXFileReference; lastKnownFileType = sourcecode.swift; path = iTunesItemCell.swift; sourceTree = "<group>"; };
		A163280627E02E610085CA16 /* iTunesItemCell.xib */ = {isa = PBXFileReference; lastKnownFileType = file.xib; path = iTunesItemCell.xib; sourceTree = "<group>"; };
		A163280A27E036850085CA16 /* CodableDefault.swift */ = {isa = PBXFileReference; lastKnownFileType = sourcecode.swift; path = CodableDefault.swift; sourceTree = "<group>"; };
		A163280F27E03B8E0085CA16 /* UIFont+extesntion.swift */ = {isa = PBXFileReference; lastKnownFileType = sourcecode.swift; path = "UIFont+extesntion.swift"; sourceTree = "<group>"; };
		A163281127E03C460085CA16 /* PlaybackView.swift */ = {isa = PBXFileReference; lastKnownFileType = sourcecode.swift; path = PlaybackView.swift; sourceTree = "<group>"; };
		A163281327E03C4F0085CA16 /* PlaybackView.xib */ = {isa = PBXFileReference; lastKnownFileType = file.xib; path = PlaybackView.xib; sourceTree = "<group>"; };
		A163281527E045A40085CA16 /* PlayerManger.swift */ = {isa = PBXFileReference; lastKnownFileType = sourcecode.swift; path = PlayerManger.swift; sourceTree = "<group>"; };
		A163281727E054BC0085CA16 /* UIView+style.swift */ = {isa = PBXFileReference; lastKnownFileType = sourcecode.swift; path = "UIView+style.swift"; sourceTree = "<group>"; };
		A163281C27E057220085CA16 /* MarqueeLabel.swift */ = {isa = PBXFileReference; lastKnownFileType = sourcecode.swift; path = MarqueeLabel.swift; sourceTree = "<group>"; };
		A163281E27E05FC60085CA16 /* Then.swift */ = {isa = PBXFileReference; lastKnownFileType = sourcecode.swift; path = Then.swift; sourceTree = "<group>"; };
/* End PBXFileReference section */

/* Begin PBXFrameworksBuildPhase section */
		A16327D127E01EC20085CA16 /* Frameworks */ = {
			isa = PBXFrameworksBuildPhase;
			buildActionMask = 2147483647;
			files = (
				A163280E27E039530085CA16 /* Kingfisher in Frameworks */,
				A16327ED27E01F360085CA16 /* Alamofire in Frameworks */,
			);
			runOnlyForDeploymentPostprocessing = 0;
		};
/* End PBXFrameworksBuildPhase section */

/* Begin PBXGroup section */
		A16327CB27E01EC20085CA16 = {
			isa = PBXGroup;
			children = (
				A16327D627E01EC20085CA16 /* iTunesMusicMain */,
				A16327D527E01EC20085CA16 /* Products */,
			);
			sourceTree = "<group>";
		};
		A16327D527E01EC20085CA16 /* Products */ = {
			isa = PBXGroup;
			children = (
				A16327D427E01EC20085CA16 /* iTunesMusicMain.app */,
			);
			name = Products;
			sourceTree = "<group>";
		};
		A16327D627E01EC20085CA16 /* iTunesMusicMain */ = {
			isa = PBXGroup;
			children = (
				A16327F027E01F8F0085CA16 /* UI */,
				A16327F427E01FC20085CA16 /* Extension */,
				A16327F727E01FF00085CA16 /* External */,
				A163281927E0563D0085CA16 /* Manager */,
				A16327D727E01EC20085CA16 /* AppDelegate.swift */,
				A16327FD27E024850085CA16 /* AError.swift */,
				A16327DD27E01EC20085CA16 /* Main.storyboard */,
				A16327E027E01EC60085CA16 /* Assets.xcassets */,
				A16327E227E01EC60085CA16 /* LaunchScreen.storyboard */,
				A16327E527E01EC60085CA16 /* Info.plist */,
			);
			path = iTunesMusicMain;
			sourceTree = "<group>";
		};
		A16327F027E01F8F0085CA16 /* UI */ = {
			isa = PBXGroup;
			children = (
				A16327F327E01F9E0085CA16 /* 搜尋 */,
			);
			path = UI;
			sourceTree = "<group>";
		};
		A16327F327E01F9E0085CA16 /* 搜尋 */ = {
			isa = PBXGroup;
			children = (
				A163280427E02E480085CA16 /* View */,
				A163280127E025390085CA16 /* Model */,
				A16327FA27E021AE0085CA16 /* ViewModel */,
				A16327F127E01F9B0085CA16 /* SearchViewController.swift */,
			);
			path = "搜尋";
			sourceTree = "<group>";
		};
		A16327F427E01FC20085CA16 /* Extension */ = {
			isa = PBXGroup;
			children = (
				A16327F527E01FD70085CA16 /* UIStoryboard+extension.swift */,
				A163280F27E03B8E0085CA16 /* UIFont+extesntion.swift */,
				A163281727E054BC0085CA16 /* UIView+style.swift */,
			);
			path = Extension;
			sourceTree = "<group>";
		};
		A16327F727E01FF00085CA16 /* External */ = {
			isa = PBXGroup;
			children = (
				A163280A27E036850085CA16 /* CodableDefault.swift */,
				A163281C27E057220085CA16 /* MarqueeLabel.swift */,
				A163281E27E05FC60085CA16 /* Then.swift */,
			);
			path = External;
			sourceTree = "<group>";
		};
		A16327FA27E021AE0085CA16 /* ViewModel */ = {
			isa = PBXGroup;
			children = (
				A16327FB27E021BF0085CA16 /* SearchViewModel.swift */,
			);
			path = ViewModel;
			sourceTree = "<group>";
		};
		A163280127E025390085CA16 /* Model */ = {
			isa = PBXGroup;
			children = (
				A163280227E0257E0085CA16 /* iTunesItem.swift */,
			);
			path = Model;
			sourceTree = "<group>";
		};
		A163280427E02E480085CA16 /* View */ = {
			isa = PBXGroup;
			children = (
				A163280527E02E610085CA16 /* iTunesItemCell.swift */,
				A163280627E02E610085CA16 /* iTunesItemCell.xib */,
				A163281127E03C460085CA16 /* PlaybackView.swift */,
				A163281327E03C4F0085CA16 /* PlaybackView.xib */,
			);
			path = View;
			sourceTree = "<group>";
		};
		A163281927E0563D0085CA16 /* Manager */ = {
			isa = PBXGroup;
			children = (
				A163281527E045A40085CA16 /* PlayerManger.swift */,
			);
			path = Manager;
			sourceTree = "<group>";
		};
/* End PBXGroup section */

/* Begin PBXNativeTarget section */
		A16327D327E01EC20085CA16 /* iTunesMusicMain */ = {
			isa = PBXNativeTarget;
			buildConfigurationList = A16327E827E01EC60085CA16 /* Build configuration list for PBXNativeTarget "iTunesMusicMain" */;
			buildPhases = (
				A16327D027E01EC20085CA16 /* Sources */,
				A16327D127E01EC20085CA16 /* Frameworks */,
				A16327D227E01EC20085CA16 /* Resources */,
			);
			buildRules = (
			);
			dependencies = (
			);
			name = iTunesMusicMain;
			packageProductDependencies = (
				A16327EC27E01F360085CA16 /* Alamofire */,
				A163280D27E039530085CA16 /* Kingfisher */,
			);
			productName = iTunesMusicMain;
			productReference = A16327D427E01EC20085CA16 /* iTunesMusicMain.app */;
			productType = "com.apple.product-type.application";
		};
/* End PBXNativeTarget section */

/* Begin PBXProject section */
		A16327CC27E01EC20085CA16 /* Project object */ = {
			isa = PBXProject;
			attributes = {
				BuildIndependentTargetsInParallel = 1;
				LastSwiftUpdateCheck = 1320;
				LastUpgradeCheck = 1320;
				TargetAttributes = {
					A16327D327E01EC20085CA16 = {
						CreatedOnToolsVersion = 13.2.1;
					};
				};
			};
			buildConfigurationList = A16327CF27E01EC20085CA16 /* Build configuration list for PBXProject "iTunesMusicMain" */;
			compatibilityVersion = "Xcode 13.0";
			developmentRegion = en;
			hasScannedForEncodings = 0;
			knownRegions = (
				en,
				Base,
			);
			mainGroup = A16327CB27E01EC20085CA16;
			packageReferences = (
				A16327EB27E01F360085CA16 /* XCRemoteSwiftPackageReference "Alamofire" */,
				A163280C27E039520085CA16 /* XCRemoteSwiftPackageReference "Kingfisher" */,
			);
			productRefGroup = A16327D527E01EC20085CA16 /* Products */;
			projectDirPath = "";
			projectRoot = "";
			targets = (
				A16327D327E01EC20085CA16 /* iTunesMusicMain */,
			);
		};
/* End PBXProject section */

/* Begin PBXResourcesBuildPhase section */
		A16327D227E01EC20085CA16 /* Resources */ = {
			isa = PBXResourcesBuildPhase;
			buildActionMask = 2147483647;
			files = (
				A16327E427E01EC60085CA16 /* LaunchScreen.storyboard in Resources */,
				A16327E127E01EC60085CA16 /* Assets.xcassets in Resources */,
				A163280827E02E610085CA16 /* iTunesItemCell.xib in Resources */,
				A16327DF27E01EC20085CA16 /* Main.storyboard in Resources */,
				A163281427E03C4F0085CA16 /* PlaybackView.xib in Resources */,
			);
			runOnlyForDeploymentPostprocessing = 0;
		};
/* End PBXResourcesBuildPhase section */

/* Begin PBXSourcesBuildPhase section */
		A16327D027E01EC20085CA16 /* Sources */ = {
			isa = PBXSourcesBuildPhase;
			buildActionMask = 2147483647;
			files = (
				A163281827E054BC0085CA16 /* UIView+style.swift in Sources */,
				A163281227E03C470085CA16 /* PlaybackView.swift in Sources */,
				A163281D27E057220085CA16 /* MarqueeLabel.swift in Sources */,
				A16327FE27E024850085CA16 /* AError.swift in Sources */,
				A16327FC27E021BF0085CA16 /* SearchViewModel.swift in Sources */,
				A163281627E045A40085CA16 /* PlayerManger.swift in Sources */,
				A163281F27E05FC60085CA16 /* Then.swift in Sources */,
				A16327F627E01FD70085CA16 /* UIStoryboard+extension.swift in Sources */,
				A16327F227E01F9B0085CA16 /* SearchViewController.swift in Sources */,
				A16327D827E01EC20085CA16 /* AppDelegate.swift in Sources */,
				A163280B27E036850085CA16 /* CodableDefault.swift in Sources */,
				A163281027E03B8F0085CA16 /* UIFont+extesntion.swift in Sources */,
				A163280727E02E610085CA16 /* iTunesItemCell.swift in Sources */,
				A163280327E0257E0085CA16 /* iTunesItem.swift in Sources */,
			);
			runOnlyForDeploymentPostprocessing = 0;
		};
/* End PBXSourcesBuildPhase section */

/* Begin PBXVariantGroup section */
		A16327DD27E01EC20085CA16 /* Main.storyboard */ = {
			isa = PBXVariantGroup;
			children = (
				A16327DE27E01EC20085CA16 /* Base */,
			);
			name = Main.storyboard;
			sourceTree = "<group>";
		};
		A16327E227E01EC60085CA16 /* LaunchScreen.storyboard */ = {
			isa = PBXVariantGroup;
			children = (
				A16327E327E01EC60085CA16 /* Base */,
			);
			name = LaunchScreen.storyboard;
			sourceTree = "<group>";
		};
/* End PBXVariantGroup section */

/* Begin XCBuildConfiguration section */
		A16327E627E01EC60085CA16 /* Debug */ = {
			isa = XCBuildConfiguration;
			buildSettings = {
				ALWAYS_SEARCH_USER_PATHS = NO;
				CLANG_ANALYZER_NONNULL = YES;
				CLANG_ANALYZER_NUMBER_OBJECT_CONVERSION = YES_AGGRESSIVE;
				CLANG_CXX_LANGUAGE_STANDARD = "gnu++17";
				CLANG_CXX_LIBRARY = "libc++";
				CLANG_ENABLE_MODULES = YES;
				CLANG_ENABLE_OBJC_ARC = YES;
				CLANG_ENABLE_OBJC_WEAK = YES;
				CLANG_WARN_BLOCK_CAPTURE_AUTORELEASING = YES;
				CLANG_WARN_BOOL_CONVERSION = YES;
				CLANG_WARN_COMMA = YES;
				CLANG_WARN_CONSTANT_CONVERSION = YES;
				CLANG_WARN_DEPRECATED_OBJC_IMPLEMENTATIONS = YES;
				CLANG_WARN_DIRECT_OBJC_ISA_USAGE = YES_ERROR;
				CLANG_WARN_DOCUMENTATION_COMMENTS = YES;
				CLANG_WARN_EMPTY_BODY = YES;
				CLANG_WARN_ENUM_CONVERSION = YES;
				CLANG_WARN_INFINITE_RECURSION = YES;
				CLANG_WARN_INT_CONVERSION = YES;
				CLANG_WARN_NON_LITERAL_NULL_CONVERSION = YES;
				CLANG_WARN_OBJC_IMPLICIT_RETAIN_SELF = YES;
				CLANG_WARN_OBJC_LITERAL_CONVERSION = YES;
				CLANG_WARN_OBJC_ROOT_CLASS = YES_ERROR;
				CLANG_WARN_QUOTED_INCLUDE_IN_FRAMEWORK_HEADER = YES;
				CLANG_WARN_RANGE_LOOP_ANALYSIS = YES;
				CLANG_WARN_STRICT_PROTOTYPES = YES;
				CLANG_WARN_SUSPICIOUS_MOVE = YES;
				CLANG_WARN_UNGUARDED_AVAILABILITY = YES_AGGRESSIVE;
				CLANG_WARN_UNREACHABLE_CODE = YES;
				CLANG_WARN__DUPLICATE_METHOD_MATCH = YES;
				COPY_PHASE_STRIP = NO;
				DEBUG_INFORMATION_FORMAT = dwarf;
				ENABLE_STRICT_OBJC_MSGSEND = YES;
				ENABLE_TESTABILITY = YES;
				GCC_C_LANGUAGE_STANDARD = gnu11;
				GCC_DYNAMIC_NO_PIC = NO;
				GCC_NO_COMMON_BLOCKS = YES;
				GCC_OPTIMIZATION_LEVEL = 0;
				GCC_PREPROCESSOR_DEFINITIONS = (
					"DEBUG=1",
					"$(inherited)",
				);
				GCC_WARN_64_TO_32_BIT_CONVERSION = YES;
				GCC_WARN_ABOUT_RETURN_TYPE = YES_ERROR;
				GCC_WARN_UNDECLARED_SELECTOR = YES;
				GCC_WARN_UNINITIALIZED_AUTOS = YES_AGGRESSIVE;
				GCC_WARN_UNUSED_FUNCTION = YES;
				GCC_WARN_UNUSED_VARIABLE = YES;
				IPHONEOS_DEPLOYMENT_TARGET = 13.0;
				MTL_ENABLE_DEBUG_INFO = INCLUDE_SOURCE;
				MTL_FAST_MATH = YES;
				ONLY_ACTIVE_ARCH = YES;
				SDKROOT = iphoneos;
				SWIFT_ACTIVE_COMPILATION_CONDITIONS = DEBUG;
				SWIFT_OPTIMIZATION_LEVEL = "-Onone";
			};
			name = Debug;
		};
		A16327E727E01EC60085CA16 /* Release */ = {
			isa = XCBuildConfiguration;
			buildSettings = {
				ALWAYS_SEARCH_USER_PATHS = NO;
				CLANG_ANALYZER_NONNULL = YES;
				CLANG_ANALYZER_NUMBER_OBJECT_CONVERSION = YES_AGGRESSIVE;
				CLANG_CXX_LANGUAGE_STANDARD = "gnu++17";
				CLANG_CXX_LIBRARY = "libc++";
				CLANG_ENABLE_MODULES = YES;
				CLANG_ENABLE_OBJC_ARC = YES;
				CLANG_ENABLE_OBJC_WEAK = YES;
				CLANG_WARN_BLOCK_CAPTURE_AUTORELEASING = YES;
				CLANG_WARN_BOOL_CONVERSION = YES;
				CLANG_WARN_COMMA = YES;
				CLANG_WARN_CONSTANT_CONVERSION = YES;
				CLANG_WARN_DEPRECATED_OBJC_IMPLEMENTATIONS = YES;
				CLANG_WARN_DIRECT_OBJC_ISA_USAGE = YES_ERROR;
				CLANG_WARN_DOCUMENTATION_COMMENTS = YES;
				CLANG_WARN_EMPTY_BODY = YES;
				CLANG_WARN_ENUM_CONVERSION = YES;
				CLANG_WARN_INFINITE_RECURSION = YES;
				CLANG_WARN_INT_CONVERSION = YES;
				CLANG_WARN_NON_LITERAL_NULL_CONVERSION = YES;
				CLANG_WARN_OBJC_IMPLICIT_RETAIN_SELF = YES;
				CLANG_WARN_OBJC_LITERAL_CONVERSION = YES;
				CLANG_WARN_OBJC_ROOT_CLASS = YES_ERROR;
				CLANG_WARN_QUOTED_INCLUDE_IN_FRAMEWORK_HEADER = YES;
				CLANG_WARN_RANGE_LOOP_ANALYSIS = YES;
				CLANG_WARN_STRICT_PROTOTYPES = YES;
				CLANG_WARN_SUSPICIOUS_MOVE = YES;
				CLANG_WARN_UNGUARDED_AVAILABILITY = YES_AGGRESSIVE;
				CLANG_WARN_UNREACHABLE_CODE = YES;
				CLANG_WARN__DUPLICATE_METHOD_MATCH = YES;
				COPY_PHASE_STRIP = NO;
				DEBUG_INFORMATION_FORMAT = "dwarf-with-dsym";
				ENABLE_NS_ASSERTIONS = NO;
				ENABLE_STRICT_OBJC_MSGSEND = YES;
				GCC_C_LANGUAGE_STANDARD = gnu11;
				GCC_NO_COMMON_BLOCKS = YES;
				GCC_WARN_64_TO_32_BIT_CONVERSION = YES;
				GCC_WARN_ABOUT_RETURN_TYPE = YES_ERROR;
				GCC_WARN_UNDECLARED_SELECTOR = YES;
				GCC_WARN_UNINITIALIZED_AUTOS = YES_AGGRESSIVE;
				GCC_WARN_UNUSED_FUNCTION = YES;
				GCC_WARN_UNUSED_VARIABLE = YES;
				IPHONEOS_DEPLOYMENT_TARGET = 13.0;
				MTL_ENABLE_DEBUG_INFO = NO;
				MTL_FAST_MATH = YES;
				SDKROOT = iphoneos;
				SWIFT_COMPILATION_MODE = wholemodule;
				SWIFT_OPTIMIZATION_LEVEL = "-O";
				VALIDATE_PRODUCT = YES;
			};
			name = Release;
		};
		A16327E927E01EC60085CA16 /* Debug */ = {
			isa = XCBuildConfiguration;
			buildSettings = {
				ASSETCATALOG_COMPILER_APPICON_NAME = AppIcon;
				ASSETCATALOG_COMPILER_GLOBAL_ACCENT_COLOR_NAME = AccentColor;
				CODE_SIGN_STYLE = Automatic;
				CURRENT_PROJECT_VERSION = 1;
				DEVELOPMENT_TEAM = Z585FJDW96;
				GENERATE_INFOPLIST_FILE = YES;
				INFOPLIST_FILE = iTunesMusicMain/Info.plist;
				INFOPLIST_KEY_UIApplicationSupportsIndirectInputEvents = YES;
				INFOPLIST_KEY_UILaunchStoryboardName = LaunchScreen;
				INFOPLIST_KEY_UIMainStoryboardFile = Main;
				INFOPLIST_KEY_UISupportedInterfaceOrientations_iPad = "UIInterfaceOrientationPortrait UIInterfaceOrientationPortraitUpsideDown UIInterfaceOrientationLandscapeLeft UIInterfaceOrientationLandscapeRight";
				INFOPLIST_KEY_UISupportedInterfaceOrientations_iPhone = "UIInterfaceOrientationPortrait UIInterfaceOrientationLandscapeLeft UIInterfaceOrientationLandscapeRight";
				INFOPLIST_KEY_UIUserInterfaceStyle = Light;
				IPHONEOS_DEPLOYMENT_TARGET = 13.0;
				LD_RUNPATH_SEARCH_PATHS = (
					"$(inherited)",
					"@executable_path/Frameworks",
				);
				MARKETING_VERSION = 1.0;
				PRODUCT_BUNDLE_IDENTIFIER = com.hswei.iTunesMusicMain;
				PRODUCT_NAME = "$(TARGET_NAME)";
				SWIFT_EMIT_LOC_STRINGS = YES;
				SWIFT_VERSION = 5.0;
				TARGETED_DEVICE_FAMILY = "1,2";
			};
			name = Debug;
		};
		A16327EA27E01EC60085CA16 /* Release */ = {
			isa = XCBuildConfiguration;
			buildSettings = {
				ASSETCATALOG_COMPILER_APPICON_NAME = AppIcon;
				ASSETCATALOG_COMPILER_GLOBAL_ACCENT_COLOR_NAME = AccentColor;
				CODE_SIGN_STYLE = Automatic;
				CURRENT_PROJECT_VERSION = 1;
				DEVELOPMENT_TEAM = Z585FJDW96;
				GENERATE_INFOPLIST_FILE = YES;
				INFOPLIST_FILE = iTunesMusicMain/Info.plist;
				INFOPLIST_KEY_UIApplicationSupportsIndirectInputEvents = YES;
				INFOPLIST_KEY_UILaunchStoryboardName = LaunchScreen;
				INFOPLIST_KEY_UIMainStoryboardFile = Main;
				INFOPLIST_KEY_UISupportedInterfaceOrientations_iPad = "UIInterfaceOrientationPortrait UIInterfaceOrientationPortraitUpsideDown UIInterfaceOrientationLandscapeLeft UIInterfaceOrientationLandscapeRight";
				INFOPLIST_KEY_UISupportedInterfaceOrientations_iPhone = "UIInterfaceOrientationPortrait UIInterfaceOrientationLandscapeLeft UIInterfaceOrientationLandscapeRight";
				INFOPLIST_KEY_UIUserInterfaceStyle = Light;
				IPHONEOS_DEPLOYMENT_TARGET = 13.0;
				LD_RUNPATH_SEARCH_PATHS = (
					"$(inherited)",
					"@executable_path/Frameworks",
				);
				MARKETING_VERSION = 1.0;
				PRODUCT_BUNDLE_IDENTIFIER = com.hswei.iTunesMusicMain;
				PRODUCT_NAME = "$(TARGET_NAME)";
				SWIFT_EMIT_LOC_STRINGS = YES;
				SWIFT_VERSION = 5.0;
				TARGETED_DEVICE_FAMILY = "1,2";
			};
			name = Release;
		};
/* End XCBuildConfiguration section */

/* Begin XCConfigurationList section */
		A16327CF27E01EC20085CA16 /* Build configuration list for PBXProject "iTunesMusicMain" */ = {
			isa = XCConfigurationList;
			buildConfigurations = (
				A16327E627E01EC60085CA16 /* Debug */,
				A16327E727E01EC60085CA16 /* Release */,
			);
			defaultConfigurationIsVisible = 0;
			defaultConfigurationName = Release;
		};
		A16327E827E01EC60085CA16 /* Build configuration list for PBXNativeTarget "iTunesMusicMain" */ = {
			isa = XCConfigurationList;
			buildConfigurations = (
				A16327E927E01EC60085CA16 /* Debug */,
				A16327EA27E01EC60085CA16 /* Release */,
			);
			defaultConfigurationIsVisible = 0;
			defaultConfigurationName = Release;
		};
/* End XCConfigurationList section */

/* Begin XCRemoteSwiftPackageReference section */
		A16327EB27E01F360085CA16 /* XCRemoteSwiftPackageReference "Alamofire" */ = {
			isa = XCRemoteSwiftPackageReference;
			repositoryURL = "https://github.com/Alamofire/Alamofire.git";
			requirement = {
				branch = master;
				kind = branch;
			};
		};
		A163280C27E039520085CA16 /* XCRemoteSwiftPackageReference "Kingfisher" */ = {
			isa = XCRemoteSwiftPackageReference;
			repositoryURL = "https://github.com/onevcat/Kingfisher.git";
			requirement = {
				kind = upToNextMajorVersion;
				minimumVersion = 7.0.0;
			};
		};
/* End XCRemoteSwiftPackageReference section */

/* Begin XCSwiftPackageProductDependency section */
		A16327EC27E01F360085CA16 /* Alamofire */ = {
			isa = XCSwiftPackageProductDependency;
			package = A16327EB27E01F360085CA16 /* XCRemoteSwiftPackageReference "Alamofire" */;
			productName = Alamofire;
		};
		A163280D27E039530085CA16 /* Kingfisher */ = {
			isa = XCSwiftPackageProductDependency;
			package = A163280C27E039520085CA16 /* XCRemoteSwiftPackageReference "Kingfisher" */;
			productName = Kingfisher;
		};
/* End XCSwiftPackageProductDependency section */
	};
	rootObject = A16327CC27E01EC20085CA16 /* Project object */;
}
